
Microsoft Visual Studio Solution File, Format Version 12.00
# Visual Studio Version 17
VisualStudioVersion = 17.3.32811.315
MinimumVisualStudioVersion = 10.0.40219.1
Project("{FAE04EC0-301F-11D3-BF4B-00C04F79EFBC}") = "WebApplication", "WebApplication\WebApplication.csproj", "{B4137DDB-0630-406B-B7FD-20629FD12AB7}"
EndProject
Global
	GlobalSection(SolutionConfigurationPlatforms) = preSolution
		Debug|Any CPU = Debug|Any CPU
		Release|Any CPU = Release|Any CPU
	EndGlobalSection
	GlobalSection(ProjectConfigurationPlatforms) = postSolution
		{B4137DDB-0630-406B-B7FD-20629FD12AB7}.Debug|Any CPU.ActiveCfg = Debug|Any CPU
		{B4137DDB-0630-406B-B7FD-20629FD12AB7}.Debug|Any CPU.Build.0 = Debug|Any CPU
		{B4137DDB-0630-406B-B7FD-20629FD12AB7}.Release|Any CPU.ActiveCfg = Release|Any CPU
		{B4137DDB-0630-406B-B7FD-20629FD12AB7}.Release|Any CPU.Build.0 = Release|Any CPU
	EndGlobalSection
	GlobalSection(SolutionProperties) = preSolution
		HideSolutionNode = FALSE
	EndGlobalSection
	GlobalSection(ExtensibilityGlobals) = postSolution
		SolutionGuid = {51945B77-48BE-47C1-98B3-46DDDDA79B55}
	EndGlobalSection
EndGlobal
